// !$*UTF8*$!
{
	archiveVersion = 1;
	classes = {
	};
	objectVersion = 55;
	objects = {

/* Begin PBXBuildFile section */
		FAF5494B285F284A006012CC /* AppDelegate.swift in Sources */ = {isa = PBXBuildFile; fileRef = FAF5494A285F284A006012CC /* AppDelegate.swift */; };
		FAF5494D285F284A006012CC /* SceneDelegate.swift in Sources */ = {isa = PBXBuildFile; fileRef = FAF5494C285F284A006012CC /* SceneDelegate.swift */; };
		FAF5494F285F284A006012CC /* ViewController.swift in Sources */ = {isa = PBXBuildFile; fileRef = FAF5494E285F284A006012CC /* ViewController.swift */; };
		FAF54952285F284A006012CC /* Main.storyboard in Resources */ = {isa = PBXBuildFile; fileRef = FAF54950285F284A006012CC /* Main.storyboard */; };
		FAF54954285F284E006012CC /* Assets.xcassets in Resources */ = {isa = PBXBuildFile; fileRef = FAF54953285F284E006012CC /* Assets.xcassets */; };
		FAF54957285F284E006012CC /* LaunchScreen.storyboard in Resources */ = {isa = PBXBuildFile; fileRef = FAF54955285F284E006012CC /* LaunchScreen.storyboard */; };
		FAF54961285F294A006012CC /* StackContainerBoxNodeName.swift in Sources */ = {isa = PBXBuildFile; fileRef = FAF54960285F294A006012CC /* StackContainerBoxNodeName.swift */; };
		FAF54963285F2968006012CC /* ContainerBoxNodeDelegate.swift in Sources */ = {isa = PBXBuildFile; fileRef = FAF54962285F2968006012CC /* ContainerBoxNodeDelegate.swift */; };
		FAF54967285F31A6006012CC /* BaseMenuViewController.swift in Sources */ = {isa = PBXBuildFile; fileRef = FAF54966285F31A6006012CC /* BaseMenuViewController.swift */; };
		FAF5496E285F32CB006012CC /* Course.swift in Sources */ = {isa = PBXBuildFile; fileRef = FAF5496D285F32CB006012CC /* Course.swift */; };
		FAF54970285F32E6006012CC /* CourseSubject.swift in Sources */ = {isa = PBXBuildFile; fileRef = FAF5496F285F32E6006012CC /* CourseSubject.swift */; };
		FAF54972285F3302006012CC /* LessonName.swift in Sources */ = {isa = PBXBuildFile; fileRef = FAF54971285F3302006012CC /* LessonName.swift */; };
		FAF54974285F330E006012CC /* Operation.swift in Sources */ = {isa = PBXBuildFile; fileRef = FAF54973285F330E006012CC /* Operation.swift */; };
		FAF54976285F331B006012CC /* Lesson.swift in Sources */ = {isa = PBXBuildFile; fileRef = FAF54975285F331B006012CC /* Lesson.swift */; };
		FAF54978285F3375006012CC /* FontManager.swift in Sources */ = {isa = PBXBuildFile; fileRef = FAF54977285F3375006012CC /* FontManager.swift */; };
		FAF5497A285F33C0006012CC /* TextFont.swift in Sources */ = {isa = PBXBuildFile; fileRef = FAF54979285F33C0006012CC /* TextFont.swift */; };
		FAF5497C285F33D4006012CC /* Font.swift in Sources */ = {isa = PBXBuildFile; fileRef = FAF5497B285F33D4006012CC /* Font.swift */; };
		FAF5497E285F3566006012CC /* HomeViewController.swift in Sources */ = {isa = PBXBuildFile; fileRef = FAF5497D285F3566006012CC /* HomeViewController.swift */; };
		FAF54985285F365F006012CC /* MenuNavigationController.swift in Sources */ = {isa = PBXBuildFile; fileRef = FAF54984285F365F006012CC /* MenuNavigationController.swift */; };
		FAF54987285F367D006012CC /* CoursesViewController.swift in Sources */ = {isa = PBXBuildFile; fileRef = FAF54986285F367D006012CC /* CoursesViewController.swift */; };
		FAF5498B285F36E8006012CC /* LessonsViewController.swift in Sources */ = {isa = PBXBuildFile; fileRef = FAF5498A285F36E8006012CC /* LessonsViewController.swift */; };
		FAF54998285F37AF006012CC /* LessonTableViewCell.swift in Sources */ = {isa = PBXBuildFile; fileRef = FAF54997285F37AF006012CC /* LessonTableViewCell.swift */; };
		FAF5499A285F37C1006012CC /* MenuTableViewCell.swift in Sources */ = {isa = PBXBuildFile; fileRef = FAF54999285F37C1006012CC /* MenuTableViewCell.swift */; };
		FAF5499D285F38A7006012CC /* ActionButton.swift in Sources */ = {isa = PBXBuildFile; fileRef = FAF5499C285F38A7006012CC /* ActionButton.swift */; };
		FAF549A0285F38F7006012CC /* Constants.swift in Sources */ = {isa = PBXBuildFile; fileRef = FAF5499F285F38F7006012CC /* Constants.swift */; };
		FAF549A2285F3A1C006012CC /* AlternateActionButton.swift in Sources */ = {isa = PBXBuildFile; fileRef = FAF549A1285F3A1C006012CC /* AlternateActionButton.swift */; };
		FAF549A6285F3C50006012CC /* DefaultARViewController.swift in Sources */ = {isa = PBXBuildFile; fileRef = FAF549A5285F3C50006012CC /* DefaultARViewController.swift */; };
		FAF549A8285F3C61006012CC /* ARLessonViewController.swift in Sources */ = {isa = PBXBuildFile; fileRef = FAF549A7285F3C61006012CC /* ARLessonViewController.swift */; };
		FAF549AC285F3CF4006012CC /* ARManager.swift in Sources */ = {isa = PBXBuildFile; fileRef = FAF549AB285F3CF4006012CC /* ARManager.swift */; };
		FAF549AF285F3D37006012CC /* AR.xcassets in Resources */ = {isa = PBXBuildFile; fileRef = FAF549AE285F3D37006012CC /* AR.xcassets */; };
		FAF549B2285F3D85006012CC /* BaseARView.swift in Sources */ = {isa = PBXBuildFile; fileRef = FAF549B1285F3D85006012CC /* BaseARView.swift */; };
		FAF549B5285F3E03006012CC /* SnapKit in Frameworks */ = {isa = PBXBuildFile; productRef = FAF549B4285F3E03006012CC /* SnapKit */; };
/* End PBXBuildFile section */

/* Begin PBXFileReference section */
		FAF54947285F284A006012CC /* DataStructureAR.app */ = {isa = PBXFileReference; explicitFileType = wrapper.application; includeInIndex = 0; path = DataStructureAR.app; sourceTree = BUILT_PRODUCTS_DIR; };
		FAF5494A285F284A006012CC /* AppDelegate.swift */ = {isa = PBXFileReference; lastKnownFileType = sourcecode.swift; path = AppDelegate.swift; sourceTree = "<group>"; };
		FAF5494C285F284A006012CC /* SceneDelegate.swift */ = {isa = PBXFileReference; lastKnownFileType = sourcecode.swift; path = SceneDelegate.swift; sourceTree = "<group>"; };
		FAF5494E285F284A006012CC /* ViewController.swift */ = {isa = PBXFileReference; lastKnownFileType = sourcecode.swift; path = ViewController.swift; sourceTree = "<group>"; };
		FAF54951285F284A006012CC /* Base */ = {isa = PBXFileReference; lastKnownFileType = file.storyboard; name = Base; path = Base.lproj/Main.storyboard; sourceTree = "<group>"; };
		FAF54953285F284E006012CC /* Assets.xcassets */ = {isa = PBXFileReference; lastKnownFileType = folder.assetcatalog; path = Assets.xcassets; sourceTree = "<group>"; };
		FAF54956285F284E006012CC /* Base */ = {isa = PBXFileReference; lastKnownFileType = file.storyboard; name = Base; path = Base.lproj/LaunchScreen.storyboard; sourceTree = "<group>"; };
		FAF54958285F284E006012CC /* Info.plist */ = {isa = PBXFileReference; lastKnownFileType = text.plist.xml; path = Info.plist; sourceTree = "<group>"; };
		FAF54960285F294A006012CC /* StackContainerBoxNodeName.swift */ = {isa = PBXFileReference; lastKnownFileType = sourcecode.swift; path = StackContainerBoxNodeName.swift; sourceTree = "<group>"; };
		FAF54962285F2968006012CC /* ContainerBoxNodeDelegate.swift */ = {isa = PBXFileReference; lastKnownFileType = sourcecode.swift; path = ContainerBoxNodeDelegate.swift; sourceTree = "<group>"; };
		FAF54966285F31A6006012CC /* BaseMenuViewController.swift */ = {isa = PBXFileReference; lastKnownFileType = sourcecode.swift; path = BaseMenuViewController.swift; sourceTree = "<group>"; };
		FAF5496D285F32CB006012CC /* Course.swift */ = {isa = PBXFileReference; lastKnownFileType = sourcecode.swift; path = Course.swift; sourceTree = "<group>"; };
		FAF5496F285F32E6006012CC /* CourseSubject.swift */ = {isa = PBXFileReference; lastKnownFileType = sourcecode.swift; path = CourseSubject.swift; sourceTree = "<group>"; };
		FAF54971285F3302006012CC /* LessonName.swift */ = {isa = PBXFileReference; lastKnownFileType = sourcecode.swift; path = LessonName.swift; sourceTree = "<group>"; };
		FAF54973285F330E006012CC /* Operation.swift */ = {isa = PBXFileReference; lastKnownFileType = sourcecode.swift; path = Operation.swift; sourceTree = "<group>"; };
		FAF54975285F331B006012CC /* Lesson.swift */ = {isa = PBXFileReference; lastKnownFileType = sourcecode.swift; path = Lesson.swift; sourceTree = "<group>"; };
		FAF54977285F3375006012CC /* FontManager.swift */ = {isa = PBXFileReference; lastKnownFileType = sourcecode.swift; path = FontManager.swift; sourceTree = "<group>"; };
		FAF54979285F33C0006012CC /* TextFont.swift */ = {isa = PBXFileReference; lastKnownFileType = sourcecode.swift; path = TextFont.swift; sourceTree = "<group>"; };
		FAF5497B285F33D4006012CC /* Font.swift */ = {isa = PBXFileReference; lastKnownFileType = sourcecode.swift; path = Font.swift; sourceTree = "<group>"; };
		FAF5497D285F3566006012CC /* HomeViewController.swift */ = {isa = PBXFileReference; lastKnownFileType = sourcecode.swift; path = HomeViewController.swift; sourceTree = "<group>"; };
		FAF54984285F365F006012CC /* MenuNavigationController.swift */ = {isa = PBXFileReference; lastKnownFileType = sourcecode.swift; path = MenuNavigationController.swift; sourceTree = "<group>"; };
		FAF54986285F367D006012CC /* CoursesViewController.swift */ = {isa = PBXFileReference; lastKnownFileType = sourcecode.swift; path = CoursesViewController.swift; sourceTree = "<group>"; };
		FAF5498A285F36E8006012CC /* LessonsViewController.swift */ = {isa = PBXFileReference; lastKnownFileType = sourcecode.swift; path = LessonsViewController.swift; sourceTree = "<group>"; };
		FAF54997285F37AF006012CC /* LessonTableViewCell.swift */ = {isa = PBXFileReference; lastKnownFileType = sourcecode.swift; path = LessonTableViewCell.swift; sourceTree = "<group>"; };
		FAF54999285F37C1006012CC /* MenuTableViewCell.swift */ = {isa = PBXFileReference; lastKnownFileType = sourcecode.swift; path = MenuTableViewCell.swift; sourceTree = "<group>"; };
		FAF5499C285F38A7006012CC /* ActionButton.swift */ = {isa = PBXFileReference; lastKnownFileType = sourcecode.swift; path = ActionButton.swift; sourceTree = "<group>"; };
		FAF5499F285F38F7006012CC /* Constants.swift */ = {isa = PBXFileReference; lastKnownFileType = sourcecode.swift; path = Constants.swift; sourceTree = "<group>"; };
		FAF549A1285F3A1C006012CC /* AlternateActionButton.swift */ = {isa = PBXFileReference; lastKnownFileType = sourcecode.swift; path = AlternateActionButton.swift; sourceTree = "<group>"; };
		FAF549A5285F3C50006012CC /* DefaultARViewController.swift */ = {isa = PBXFileReference; lastKnownFileType = sourcecode.swift; path = DefaultARViewController.swift; sourceTree = "<group>"; };
		FAF549A7285F3C61006012CC /* ARLessonViewController.swift */ = {isa = PBXFileReference; lastKnownFileType = sourcecode.swift; path = ARLessonViewController.swift; sourceTree = "<group>"; };
		FAF549AB285F3CF4006012CC /* ARManager.swift */ = {isa = PBXFileReference; lastKnownFileType = sourcecode.swift; path = ARManager.swift; sourceTree = "<group>"; };
		FAF549AE285F3D37006012CC /* AR.xcassets */ = {isa = PBXFileReference; lastKnownFileType = folder.assetcatalog; path = AR.xcassets; sourceTree = "<group>"; };
		FAF549B1285F3D85006012CC /* BaseARView.swift */ = {isa = PBXFileReference; lastKnownFileType = sourcecode.swift; path = BaseARView.swift; sourceTree = "<group>"; };
/* End PBXFileReference section */

/* Begin PBXFrameworksBuildPhase section */
		FAF54944285F284A006012CC /* Frameworks */ = {
			isa = PBXFrameworksBuildPhase;
			buildActionMask = 2147483647;
			files = (
				FAF549B5285F3E03006012CC /* SnapKit in Frameworks */,
			);
			runOnlyForDeploymentPostprocessing = 0;
		};
/* End PBXFrameworksBuildPhase section */

/* Begin PBXGroup section */
		FAF5493E285F284A006012CC = {
			isa = PBXGroup;
			children = (
				FAF54949285F284A006012CC /* DataStructureAR */,
				FAF54948285F284A006012CC /* Products */,
			);
			sourceTree = "<group>";
		};
		FAF54948285F284A006012CC /* Products */ = {
			isa = PBXGroup;
			children = (
				FAF54947285F284A006012CC /* DataStructureAR.app */,
			);
			name = Products;
			sourceTree = "<group>";
		};
		FAF54949285F284A006012CC /* DataStructureAR */ = {
			isa = PBXGroup;
			children = (
				FAF5496A285F32AA006012CC /* App */,
				FAF549A3285F3C37006012CC /* AR */,
				FAF5498C285F36FC006012CC /* Course */,
				FAF54964285F3185006012CC /* Home */,
				FAF54988285F36D4006012CC /* Lessons */,
				FAF54968285F31CF006012CC /* Menu */,
				FAF5497F285F35BC006012CC /* ReusableUIs */,
				FAF5495E285F2901006012CC /* StackQueue */,
				FAF5499E285F38ED006012CC /* Utilities */,
				FAF5494E285F284A006012CC /* ViewController.swift */,
			);
			path = DataStructureAR;
			sourceTree = "<group>";
		};
		FAF5495E285F2901006012CC /* StackQueue */ = {
			isa = PBXGroup;
			children = (
				FAF54960285F294A006012CC /* StackContainerBoxNodeName.swift */,
				FAF54962285F2968006012CC /* ContainerBoxNodeDelegate.swift */,
			);
			path = StackQueue;
			sourceTree = "<group>";
		};
		FAF54964285F3185006012CC /* Home */ = {
			isa = PBXGroup;
			children = (
				FAF54965285F318A006012CC /* Controllers */,
			);
			path = Home;
			sourceTree = "<group>";
		};
		FAF54965285F318A006012CC /* Controllers */ = {
			isa = PBXGroup;
			children = (
				FAF54966285F31A6006012CC /* BaseMenuViewController.swift */,
				FAF5497D285F3566006012CC /* HomeViewController.swift */,
			);
			path = Controllers;
			sourceTree = "<group>";
		};
		FAF54968285F31CF006012CC /* Menu */ = {
			isa = PBXGroup;
			children = (
				FAF54969285F31DD006012CC /* Controllers */,
				FAF5496C285F32C5006012CC /* Models */,
				FAF54991285F376F006012CC /* Views */,
			);
			path = Menu;
			sourceTree = "<group>";
		};
		FAF54969285F31DD006012CC /* Controllers */ = {
			isa = PBXGroup;
			children = (
				FAF54984285F365F006012CC /* MenuNavigationController.swift */,
			);
			path = Controllers;
			sourceTree = "<group>";
		};
		FAF5496A285F32AA006012CC /* App */ = {
			isa = PBXGroup;
			children = (
				FAF54980285F35F9006012CC /* Delegates */,
				FAF5496B285F32AF006012CC /* Fonts */,
				FAF54981285F3609006012CC /* Resources */,
				FAF54983285F3622006012CC /* Storyboards */,
				FAF54982285F3619006012CC /* Supporting Files */,
			);
			path = App;
			sourceTree = "<group>";
		};
		FAF5496B285F32AF006012CC /* Fonts */ = {
			isa = PBXGroup;
			children = (
				FAF5497B285F33D4006012CC /* Font.swift */,
				FAF54977285F3375006012CC /* FontManager.swift */,
				FAF54979285F33C0006012CC /* TextFont.swift */,
			);
			path = Fonts;
			sourceTree = "<group>";
		};
		FAF5496C285F32C5006012CC /* Models */ = {
			isa = PBXGroup;
			children = (
			);
			path = Models;
			sourceTree = "<group>";
		};
		FAF5497F285F35BC006012CC /* ReusableUIs */ = {
			isa = PBXGroup;
			children = (
				FAF5499B285F38A0006012CC /* Buttons */,
			);
			path = ReusableUIs;
			sourceTree = "<group>";
		};
		FAF54980285F35F9006012CC /* Delegates */ = {
			isa = PBXGroup;
			children = (
				FAF5494A285F284A006012CC /* AppDelegate.swift */,
				FAF5494C285F284A006012CC /* SceneDelegate.swift */,
			);
			path = Delegates;
			sourceTree = "<group>";
		};
		FAF54981285F3609006012CC /* Resources */ = {
			isa = PBXGroup;
			children = (
				FAF54953285F284E006012CC /* Assets.xcassets */,
			);
			path = Resources;
			sourceTree = "<group>";
		};
		FAF54982285F3619006012CC /* Supporting Files */ = {
			isa = PBXGroup;
			children = (
				FAF54958285F284E006012CC /* Info.plist */,
			);
			path = "Supporting Files";
			sourceTree = "<group>";
		};
		FAF54983285F3622006012CC /* Storyboards */ = {
			isa = PBXGroup;
			children = (
				FAF54955285F284E006012CC /* LaunchScreen.storyboard */,
				FAF54950285F284A006012CC /* Main.storyboard */,
			);
			path = Storyboards;
			sourceTree = "<group>";
		};
		FAF54988285F36D4006012CC /* Lessons */ = {
			isa = PBXGroup;
			children = (
				FAF54989285F36DC006012CC /* Controllers */,
				FAF5498F285F3722006012CC /* Models */,
				FAF54994285F377E006012CC /* Views */,
			);
			path = Lessons;
			sourceTree = "<group>";
		};
		FAF54989285F36DC006012CC /* Controllers */ = {
			isa = PBXGroup;
			children = (
				FAF5498A285F36E8006012CC /* LessonsViewController.swift */,
			);
			path = Controllers;
			sourceTree = "<group>";
		};
		FAF5498C285F36FC006012CC /* Course */ = {
			isa = PBXGroup;
			children = (
				FAF54990285F3747006012CC /* Views */,
				FAF5498D285F3704006012CC /* Controllers */,
				FAF5498E285F370D006012CC /* Models */,
			);
			path = Course;
			sourceTree = "<group>";
		};
		FAF5498D285F3704006012CC /* Controllers */ = {
			isa = PBXGroup;
			children = (
				FAF54986285F367D006012CC /* CoursesViewController.swift */,
			);
			path = Controllers;
			sourceTree = "<group>";
		};
		FAF5498E285F370D006012CC /* Models */ = {
			isa = PBXGroup;
			children = (
				FAF54973285F330E006012CC /* Operation.swift */,
				FAF5496D285F32CB006012CC /* Course.swift */,
				FAF5496F285F32E6006012CC /* CourseSubject.swift */,
			);
			path = Models;
			sourceTree = "<group>";
		};
		FAF5498F285F3722006012CC /* Models */ = {
			isa = PBXGroup;
			children = (
				FAF54975285F331B006012CC /* Lesson.swift */,
				FAF54971285F3302006012CC /* LessonName.swift */,
			);
			path = Models;
			sourceTree = "<group>";
		};
		FAF54990285F3747006012CC /* Views */ = {
			isa = PBXGroup;
			children = (
			);
			path = Views;
			sourceTree = "<group>";
		};
		FAF54991285F376F006012CC /* Views */ = {
			isa = PBXGroup;
			children = (
				FAF54999285F37C1006012CC /* MenuTableViewCell.swift */,
			);
			path = Views;
			sourceTree = "<group>";
		};
		FAF54994285F377E006012CC /* Views */ = {
			isa = PBXGroup;
			children = (
				FAF54997285F37AF006012CC /* LessonTableViewCell.swift */,
			);
			path = Views;
			sourceTree = "<group>";
		};
		FAF5499B285F38A0006012CC /* Buttons */ = {
			isa = PBXGroup;
			children = (
				FAF5499C285F38A7006012CC /* ActionButton.swift */,
				FAF549A1285F3A1C006012CC /* AlternateActionButton.swift */,
			);
			path = Buttons;
			sourceTree = "<group>";
		};
		FAF5499E285F38ED006012CC /* Utilities */ = {
			isa = PBXGroup;
			children = (
				FAF5499F285F38F7006012CC /* Constants.swift */,
			);
			path = Utilities;
			sourceTree = "<group>";
		};
		FAF549A3285F3C37006012CC /* AR */ = {
			isa = PBXGroup;
			children = (
				FAF549A4285F3C40006012CC /* Controllers */,
				FAF549AA285F3CEA006012CC /* Models */,
				FAF549AD285F3D1F006012CC /* Resources */,
				FAF549A9285F3CE6006012CC /* Views */,
			);
			path = AR;
			sourceTree = "<group>";
		};
		FAF549A4285F3C40006012CC /* Controllers */ = {
			isa = PBXGroup;
			children = (
				FAF549A7285F3C61006012CC /* ARLessonViewController.swift */,
				FAF549A5285F3C50006012CC /* DefaultARViewController.swift */,
			);
			path = Controllers;
			sourceTree = "<group>";
		};
		FAF549A9285F3CE6006012CC /* Views */ = {
			isa = PBXGroup;
			children = (
				FAF549B0285F3D76006012CC /* BottomSectionUIs */,
			);
			path = Views;
			sourceTree = "<group>";
		};
		FAF549AA285F3CEA006012CC /* Models */ = {
			isa = PBXGroup;
			children = (
				FAF549AB285F3CF4006012CC /* ARManager.swift */,
			);
			path = Models;
			sourceTree = "<group>";
		};
		FAF549AD285F3D1F006012CC /* Resources */ = {
			isa = PBXGroup;
			children = (
				FAF549AE285F3D37006012CC /* AR.xcassets */,
			);
			path = Resources;
			sourceTree = "<group>";
		};
		FAF549B0285F3D76006012CC /* BottomSectionUIs */ = {
			isa = PBXGroup;
			children = (
				FAF549B1285F3D85006012CC /* BaseARView.swift */,
			);
			path = BottomSectionUIs;
			sourceTree = "<group>";
		};
/* End PBXGroup section */

/* Begin PBXNativeTarget section */
		FAF54946285F284A006012CC /* DataStructureAR */ = {
			isa = PBXNativeTarget;
			buildConfigurationList = FAF5495B285F284E006012CC /* Build configuration list for PBXNativeTarget "DataStructureAR" */;
			buildPhases = (
				FAF54943285F284A006012CC /* Sources */,
				FAF54944285F284A006012CC /* Frameworks */,
				FAF54945285F284A006012CC /* Resources */,
			);
			buildRules = (
			);
			dependencies = (
			);
			name = DataStructureAR;
			packageProductDependencies = (
				FAF549B4285F3E03006012CC /* SnapKit */,
			);
			productName = DataStructuresAR;
			productReference = FAF54947285F284A006012CC /* DataStructureAR.app */;
			productType = "com.apple.product-type.application";
		};
/* End PBXNativeTarget section */

/* Begin PBXProject section */
		FAF5493F285F284A006012CC /* Project object */ = {
			isa = PBXProject;
			attributes = {
				BuildIndependentTargetsInParallel = 1;
				LastSwiftUpdateCheck = 1340;
				LastUpgradeCheck = 1340;
				TargetAttributes = {
					FAF54946285F284A006012CC = {
						CreatedOnToolsVersion = 13.4.1;
					};
				};
			};
			buildConfigurationList = FAF54942285F284A006012CC /* Build configuration list for PBXProject "DataStructureAR" */;
			compatibilityVersion = "Xcode 13.0";
			developmentRegion = en;
			hasScannedForEncodings = 0;
			knownRegions = (
				en,
				Base,
			);
			mainGroup = FAF5493E285F284A006012CC;
			packageReferences = (
				FAF549B3285F3E03006012CC /* XCRemoteSwiftPackageReference "SnapKit" */,
			);
			productRefGroup = FAF54948285F284A006012CC /* Products */;
			projectDirPath = "";
			projectRoot = "";
			targets = (
				FAF54946285F284A006012CC /* DataStructureAR */,
			);
		};
/* End PBXProject section */

/* Begin PBXResourcesBuildPhase section */
		FAF54945285F284A006012CC /* Resources */ = {
			isa = PBXResourcesBuildPhase;
			buildActionMask = 2147483647;
			files = (
				FAF54957285F284E006012CC /* LaunchScreen.storyboard in Resources */,
				FAF54954285F284E006012CC /* Assets.xcassets in Resources */,
				FAF549AF285F3D37006012CC /* AR.xcassets in Resources */,
				FAF54952285F284A006012CC /* Main.storyboard in Resources */,
			);
			runOnlyForDeploymentPostprocessing = 0;
		};
/* End PBXResourcesBuildPhase section */

/* Begin PBXSourcesBuildPhase section */
		FAF54943285F284A006012CC /* Sources */ = {
			isa = PBXSourcesBuildPhase;
			buildActionMask = 2147483647;
			files = (
				FAF5498B285F36E8006012CC /* LessonsViewController.swift in Sources */,
				FAF549A0285F38F7006012CC /* Constants.swift in Sources */,
				FAF54963285F2968006012CC /* ContainerBoxNodeDelegate.swift in Sources */,
				FAF54972285F3302006012CC /* LessonName.swift in Sources */,
				FAF54985285F365F006012CC /* MenuNavigationController.swift in Sources */,
				FAF5497C285F33D4006012CC /* Font.swift in Sources */,
				FAF549A2285F3A1C006012CC /* AlternateActionButton.swift in Sources */,
				FAF549A6285F3C50006012CC /* DefaultARViewController.swift in Sources */,
				FAF54987285F367D006012CC /* CoursesViewController.swift in Sources */,
				FAF5496E285F32CB006012CC /* Course.swift in Sources */,
				FAF549AC285F3CF4006012CC /* ARManager.swift in Sources */,
				FAF54998285F37AF006012CC /* LessonTableViewCell.swift in Sources */,
				FAF54974285F330E006012CC /* Operation.swift in Sources */,
				FAF5497E285F3566006012CC /* HomeViewController.swift in Sources */,
				FAF5494F285F284A006012CC /* ViewController.swift in Sources */,
				FAF5494B285F284A006012CC /* AppDelegate.swift in Sources */,
				FAF5497A285F33C0006012CC /* TextFont.swift in Sources */,
				FAF5494D285F284A006012CC /* SceneDelegate.swift in Sources */,
				FAF5499A285F37C1006012CC /* MenuTableViewCell.swift in Sources */,
				FAF549A8285F3C61006012CC /* ARLessonViewController.swift in Sources */,
				FAF54961285F294A006012CC /* StackContainerBoxNodeName.swift in Sources */,
				FAF549B2285F3D85006012CC /* BaseARView.swift in Sources */,
				FAF54967285F31A6006012CC /* BaseMenuViewController.swift in Sources */,
				FAF54970285F32E6006012CC /* CourseSubject.swift in Sources */,
				FAF54978285F3375006012CC /* FontManager.swift in Sources */,
				FAF54976285F331B006012CC /* Lesson.swift in Sources */,
				FAF5499D285F38A7006012CC /* ActionButton.swift in Sources */,
			);
			runOnlyForDeploymentPostprocessing = 0;
		};
/* End PBXSourcesBuildPhase section */

/* Begin PBXVariantGroup section */
		FAF54950285F284A006012CC /* Main.storyboard */ = {
			isa = PBXVariantGroup;
			children = (
				FAF54951285F284A006012CC /* Base */,
			);
			name = Main.storyboard;
			sourceTree = "<group>";
		};
		FAF54955285F284E006012CC /* LaunchScreen.storyboard */ = {
			isa = PBXVariantGroup;
			children = (
				FAF54956285F284E006012CC /* Base */,
			);
			name = LaunchScreen.storyboard;
			sourceTree = "<group>";
		};
/* End PBXVariantGroup section */

/* Begin XCBuildConfiguration section */
		FAF54959285F284E006012CC /* Debug */ = {
			isa = XCBuildConfiguration;
			buildSettings = {
				ALWAYS_SEARCH_USER_PATHS = NO;
				CLANG_ANALYZER_NONNULL = YES;
				CLANG_ANALYZER_NUMBER_OBJECT_CONVERSION = YES_AGGRESSIVE;
				CLANG_CXX_LANGUAGE_STANDARD = "gnu++17";
				CLANG_ENABLE_MODULES = YES;
				CLANG_ENABLE_OBJC_ARC = YES;
				CLANG_ENABLE_OBJC_WEAK = YES;
				CLANG_WARN_BLOCK_CAPTURE_AUTORELEASING = YES;
				CLANG_WARN_BOOL_CONVERSION = YES;
				CLANG_WARN_COMMA = YES;
				CLANG_WARN_CONSTANT_CONVERSION = YES;
				CLANG_WARN_DEPRECATED_OBJC_IMPLEMENTATIONS = YES;
				CLANG_WARN_DIRECT_OBJC_ISA_USAGE = YES_ERROR;
				CLANG_WARN_DOCUMENTATION_COMMENTS = YES;
				CLANG_WARN_EMPTY_BODY = YES;
				CLANG_WARN_ENUM_CONVERSION = YES;
				CLANG_WARN_INFINITE_RECURSION = YES;
				CLANG_WARN_INT_CONVERSION = YES;
				CLANG_WARN_NON_LITERAL_NULL_CONVERSION = YES;
				CLANG_WARN_OBJC_IMPLICIT_RETAIN_SELF = YES;
				CLANG_WARN_OBJC_LITERAL_CONVERSION = YES;
				CLANG_WARN_OBJC_ROOT_CLASS = YES_ERROR;
				CLANG_WARN_QUOTED_INCLUDE_IN_FRAMEWORK_HEADER = YES;
				CLANG_WARN_RANGE_LOOP_ANALYSIS = YES;
				CLANG_WARN_STRICT_PROTOTYPES = YES;
				CLANG_WARN_SUSPICIOUS_MOVE = YES;
				CLANG_WARN_UNGUARDED_AVAILABILITY = YES_AGGRESSIVE;
				CLANG_WARN_UNREACHABLE_CODE = YES;
				CLANG_WARN__DUPLICATE_METHOD_MATCH = YES;
				COPY_PHASE_STRIP = NO;
				DEBUG_INFORMATION_FORMAT = dwarf;
				ENABLE_STRICT_OBJC_MSGSEND = YES;
				ENABLE_TESTABILITY = YES;
				GCC_C_LANGUAGE_STANDARD = gnu11;
				GCC_DYNAMIC_NO_PIC = NO;
				GCC_NO_COMMON_BLOCKS = YES;
				GCC_OPTIMIZATION_LEVEL = 0;
				GCC_PREPROCESSOR_DEFINITIONS = (
					"DEBUG=1",
					"$(inherited)",
				);
				GCC_WARN_64_TO_32_BIT_CONVERSION = YES;
				GCC_WARN_ABOUT_RETURN_TYPE = YES_ERROR;
				GCC_WARN_UNDECLARED_SELECTOR = YES;
				GCC_WARN_UNINITIALIZED_AUTOS = YES_AGGRESSIVE;
				GCC_WARN_UNUSED_FUNCTION = YES;
				GCC_WARN_UNUSED_VARIABLE = YES;
				IPHONEOS_DEPLOYMENT_TARGET = 15.5;
				MTL_ENABLE_DEBUG_INFO = INCLUDE_SOURCE;
				MTL_FAST_MATH = YES;
				ONLY_ACTIVE_ARCH = YES;
				SDKROOT = iphoneos;
				SWIFT_ACTIVE_COMPILATION_CONDITIONS = DEBUG;
				SWIFT_OPTIMIZATION_LEVEL = "-Onone";
			};
			name = Debug;
		};
		FAF5495A285F284E006012CC /* Release */ = {
			isa = XCBuildConfiguration;
			buildSettings = {
				ALWAYS_SEARCH_USER_PATHS = NO;
				CLANG_ANALYZER_NONNULL = YES;
				CLANG_ANALYZER_NUMBER_OBJECT_CONVERSION = YES_AGGRESSIVE;
				CLANG_CXX_LANGUAGE_STANDARD = "gnu++17";
				CLANG_ENABLE_MODULES = YES;
				CLANG_ENABLE_OBJC_ARC = YES;
				CLANG_ENABLE_OBJC_WEAK = YES;
				CLANG_WARN_BLOCK_CAPTURE_AUTORELEASING = YES;
				CLANG_WARN_BOOL_CONVERSION = YES;
				CLANG_WARN_COMMA = YES;
				CLANG_WARN_CONSTANT_CONVERSION = YES;
				CLANG_WARN_DEPRECATED_OBJC_IMPLEMENTATIONS = YES;
				CLANG_WARN_DIRECT_OBJC_ISA_USAGE = YES_ERROR;
				CLANG_WARN_DOCUMENTATION_COMMENTS = YES;
				CLANG_WARN_EMPTY_BODY = YES;
				CLANG_WARN_ENUM_CONVERSION = YES;
				CLANG_WARN_INFINITE_RECURSION = YES;
				CLANG_WARN_INT_CONVERSION = YES;
				CLANG_WARN_NON_LITERAL_NULL_CONVERSION = YES;
				CLANG_WARN_OBJC_IMPLICIT_RETAIN_SELF = YES;
				CLANG_WARN_OBJC_LITERAL_CONVERSION = YES;
				CLANG_WARN_OBJC_ROOT_CLASS = YES_ERROR;
				CLANG_WARN_QUOTED_INCLUDE_IN_FRAMEWORK_HEADER = YES;
				CLANG_WARN_RANGE_LOOP_ANALYSIS = YES;
				CLANG_WARN_STRICT_PROTOTYPES = YES;
				CLANG_WARN_SUSPICIOUS_MOVE = YES;
				CLANG_WARN_UNGUARDED_AVAILABILITY = YES_AGGRESSIVE;
				CLANG_WARN_UNREACHABLE_CODE = YES;
				CLANG_WARN__DUPLICATE_METHOD_MATCH = YES;
				COPY_PHASE_STRIP = NO;
				DEBUG_INFORMATION_FORMAT = "dwarf-with-dsym";
				ENABLE_NS_ASSERTIONS = NO;
				ENABLE_STRICT_OBJC_MSGSEND = YES;
				GCC_C_LANGUAGE_STANDARD = gnu11;
				GCC_NO_COMMON_BLOCKS = YES;
				GCC_WARN_64_TO_32_BIT_CONVERSION = YES;
				GCC_WARN_ABOUT_RETURN_TYPE = YES_ERROR;
				GCC_WARN_UNDECLARED_SELECTOR = YES;
				GCC_WARN_UNINITIALIZED_AUTOS = YES_AGGRESSIVE;
				GCC_WARN_UNUSED_FUNCTION = YES;
				GCC_WARN_UNUSED_VARIABLE = YES;
				IPHONEOS_DEPLOYMENT_TARGET = 15.5;
				MTL_ENABLE_DEBUG_INFO = NO;
				MTL_FAST_MATH = YES;
				SDKROOT = iphoneos;
				SWIFT_COMPILATION_MODE = wholemodule;
				SWIFT_OPTIMIZATION_LEVEL = "-O";
				VALIDATE_PRODUCT = YES;
			};
			name = Release;
		};
		FAF5495C285F284E006012CC /* Debug */ = {
			isa = XCBuildConfiguration;
			buildSettings = {
				ASSETCATALOG_COMPILER_APPICON_NAME = AppIcon;
				ASSETCATALOG_COMPILER_GLOBAL_ACCENT_COLOR_NAME = AccentColor;
				CODE_SIGN_STYLE = Automatic;
				CURRENT_PROJECT_VERSION = 1;
				DEVELOPMENT_TEAM = 6897VAM74N;
				GENERATE_INFOPLIST_FILE = YES;
				INFOPLIST_FILE = DataStructuresAR/Info.plist;
				INFOPLIST_KEY_UIApplicationSupportsIndirectInputEvents = YES;
				INFOPLIST_KEY_UILaunchStoryboardName = LaunchScreen;
				INFOPLIST_KEY_UIMainStoryboardFile = Main;
				INFOPLIST_KEY_UISupportedInterfaceOrientations_iPad = "UIInterfaceOrientationPortrait UIInterfaceOrientationPortraitUpsideDown UIInterfaceOrientationLandscapeLeft UIInterfaceOrientationLandscapeRight";
				INFOPLIST_KEY_UISupportedInterfaceOrientations_iPhone = "UIInterfaceOrientationPortrait UIInterfaceOrientationLandscapeLeft UIInterfaceOrientationLandscapeRight";
				LD_RUNPATH_SEARCH_PATHS = (
					"$(inherited)",
					"@executable_path/Frameworks",
				);
				MARKETING_VERSION = 1.0;
				PRODUCT_BUNDLE_IDENTIFIER = com.jayvennhan.app.DataStructureAR;
				PRODUCT_NAME = "$(TARGET_NAME)";
				SWIFT_EMIT_LOC_STRINGS = YES;
				SWIFT_VERSION = 5.0;
				TARGETED_DEVICE_FAMILY = "1,2";
			};
			name = Debug;
		};
		FAF5495D285F284E006012CC /* Release */ = {
			isa = XCBuildConfiguration;
			buildSettings = {
				ASSETCATALOG_COMPILER_APPICON_NAME = AppIcon;
				ASSETCATALOG_COMPILER_GLOBAL_ACCENT_COLOR_NAME = AccentColor;
				CODE_SIGN_STYLE = Automatic;
				CURRENT_PROJECT_VERSION = 1;
				DEVELOPMENT_TEAM = 6897VAM74N;
				GENERATE_INFOPLIST_FILE = YES;
				INFOPLIST_FILE = DataStructuresAR/Info.plist;
				INFOPLIST_KEY_UIApplicationSupportsIndirectInputEvents = YES;
				INFOPLIST_KEY_UILaunchStoryboardName = LaunchScreen;
				INFOPLIST_KEY_UIMainStoryboardFile = Main;
				INFOPLIST_KEY_UISupportedInterfaceOrientations_iPad = "UIInterfaceOrientationPortrait UIInterfaceOrientationPortraitUpsideDown UIInterfaceOrientationLandscapeLeft UIInterfaceOrientationLandscapeRight";
				INFOPLIST_KEY_UISupportedInterfaceOrientations_iPhone = "UIInterfaceOrientationPortrait UIInterfaceOrientationLandscapeLeft UIInterfaceOrientationLandscapeRight";
				LD_RUNPATH_SEARCH_PATHS = (
					"$(inherited)",
					"@executable_path/Frameworks",
				);
				MARKETING_VERSION = 1.0;
				PRODUCT_BUNDLE_IDENTIFIER = com.jayvennhan.app.DataStructureAR;
				PRODUCT_NAME = "$(TARGET_NAME)";
				SWIFT_EMIT_LOC_STRINGS = YES;
				SWIFT_VERSION = 5.0;
				TARGETED_DEVICE_FAMILY = "1,2";
			};
			name = Release;
		};
/* End XCBuildConfiguration section */

/* Begin XCConfigurationList section */
		FAF54942285F284A006012CC /* Build configuration list for PBXProject "DataStructureAR" */ = {
			isa = XCConfigurationList;
			buildConfigurations = (
				FAF54959285F284E006012CC /* Debug */,
				FAF5495A285F284E006012CC /* Release */,
			);
			defaultConfigurationIsVisible = 0;
			defaultConfigurationName = Release;
		};
		FAF5495B285F284E006012CC /* Build configuration list for PBXNativeTarget "DataStructureAR" */ = {
			isa = XCConfigurationList;
			buildConfigurations = (
				FAF5495C285F284E006012CC /* Debug */,
				FAF5495D285F284E006012CC /* Release */,
			);
			defaultConfigurationIsVisible = 0;
			defaultConfigurationName = Release;
		};
/* End XCConfigurationList section */

/* Begin XCRemoteSwiftPackageReference section */
		FAF549B3285F3E03006012CC /* XCRemoteSwiftPackageReference "SnapKit" */ = {
			isa = XCRemoteSwiftPackageReference;
			repositoryURL = "https://github.com/SnapKit/SnapKit.git";
			requirement = {
				kind = upToNextMajorVersion;
				minimumVersion = 5.0.0;
			};
		};
/* End XCRemoteSwiftPackageReference section */

/* Begin XCSwiftPackageProductDependency section */
		FAF549B4285F3E03006012CC /* SnapKit */ = {
			isa = XCSwiftPackageProductDependency;
			package = FAF549B3285F3E03006012CC /* XCRemoteSwiftPackageReference "SnapKit" */;
			productName = SnapKit;
		};
/* End XCSwiftPackageProductDependency section */
	};
	rootObject = FAF5493F285F284A006012CC /* Project object */;
}
